
Microsoft Visual Studio Solution File, Format Version 12.00
# Visual Studio 15
VisualStudioVersion = 15.0.27130.2026
MinimumVisualStudioVersion = 10.0.40219.1
Project("{FAE04EC0-301F-11D3-BF4B-00C04F79EFBC}") = "ClickerGame.Android", "ClickerGame\ClickerGame.Android\ClickerGame.Android.csproj", "{37A59FE5-903C-4306-A528-ABAD4C8164A6}"
EndProject
Project("{FAE04EC0-301F-11D3-BF4B-00C04F79EFBC}") = "ClickerGame.iOS", "ClickerGame\ClickerGame.iOS\ClickerGame.iOS.csproj", "{AA3DBC18-A75B-4FB1-9369-D2B75ECE7ECE}"
EndProject
Project("{FAE04EC0-301F-11D3-BF4B-00C04F79EFBC}") = "ClickerGame.UWP", "ClickerGame\ClickerGame.UWP\ClickerGame.UWP.csproj", "{8CC4EA0F-B39F-4F71-B5E3-6C028742E0C2}"
EndProject
Project("{9A19103F-16F7-4668-BE54-9A1E7A4F7556}") = "ClickerGame", "ClickerGame\ClickerGame\ClickerGame.csproj", "{D6557773-3BA2-4B6B-B699-D0E9F497791D}"
EndProject
Project("{9A19103F-16F7-4668-BE54-9A1E7A4F7556}") = "ClickerEngine", "ClickerEngine\ClickerEngine.csproj", "{7A0045D4-2CCE-422B-B2E6-45B528EAF443}"
EndProject
Project("{9A19103F-16F7-4668-BE54-9A1E7A4F7556}") = "ClickerEngine.Test", "ClickerEngine.Test\ClickerEngine.Test.csproj", "{3FDC7213-4463-45A8-A682-48260F4D8495}"
EndProject
Project("{9A19103F-16F7-4668-BE54-9A1E7A4F7556}") = "ClickerGame.ViewModel", "ClickerGame.ViewModel\ClickerGame.ViewModel.csproj", "{2C476FA5-66FF-4A5C-B43E-049032C86F1E}"
EndProject
Project("{FAE04EC0-301F-11D3-BF4B-00C04F79EFBC}") = "ClickerGame.AndroidNative", "ClickerGameNative\ClickerGame.AndroidNative.csproj", "{E6D7262F-266C-41CD-B09E-BF67A6706557}"
EndProject
Global
	GlobalSection(SolutionConfigurationPlatforms) = preSolution
		Ad-Hoc|Any CPU = Ad-Hoc|Any CPU
		Ad-Hoc|ARM = Ad-Hoc|ARM
		Ad-Hoc|iPhone = Ad-Hoc|iPhone
		Ad-Hoc|iPhoneSimulator = Ad-Hoc|iPhoneSimulator
		Ad-Hoc|x64 = Ad-Hoc|x64
		Ad-Hoc|x86 = Ad-Hoc|x86
		AppStore|Any CPU = AppStore|Any CPU
		AppStore|ARM = AppStore|ARM
		AppStore|iPhone = AppStore|iPhone
		AppStore|iPhoneSimulator = AppStore|iPhoneSimulator
		AppStore|x64 = AppStore|x64
		AppStore|x86 = AppStore|x86
		Debug|Any CPU = Debug|Any CPU
		Debug|ARM = Debug|ARM
		Debug|iPhone = Debug|iPhone
		Debug|iPhoneSimulator = Debug|iPhoneSimulator
		Debug|x64 = Debug|x64
		Debug|x86 = Debug|x86
		Release|Any CPU = Release|Any CPU
		Release|ARM = Release|ARM
		Release|iPhone = Release|iPhone
		Release|iPhoneSimulator = Release|iPhoneSimulator
		Release|x64 = Release|x64
		Release|x86 = Release|x86
	EndGlobalSection
	GlobalSection(ProjectConfigurationPlatforms) = postSolution
		{37A59FE5-903C-4306-A528-ABAD4C8164A6}.Ad-Hoc|Any CPU.ActiveCfg = Release|Any CPU
		{37A59FE5-903C-4306-A528-ABAD4C8164A6}.Ad-Hoc|Any CPU.Build.0 = Release|Any CPU
		{37A59FE5-903C-4306-A528-ABAD4C8164A6}.Ad-Hoc|Any CPU.Deploy.0 = Release|Any CPU
		{37A59FE5-903C-4306-A528-ABAD4C8164A6}.Ad-Hoc|ARM.ActiveCfg = Release|Any CPU
		{37A59FE5-903C-4306-A528-ABAD4C8164A6}.Ad-Hoc|ARM.Build.0 = Release|Any CPU
		{37A59FE5-903C-4306-A528-ABAD4C8164A6}.Ad-Hoc|ARM.Deploy.0 = Release|Any CPU
		{37A59FE5-903C-4306-A528-ABAD4C8164A6}.Ad-Hoc|iPhone.ActiveCfg = Release|Any CPU
		{37A59FE5-903C-4306-A528-ABAD4C8164A6}.Ad-Hoc|iPhone.Build.0 = Release|Any CPU
		{37A59FE5-903C-4306-A528-ABAD4C8164A6}.Ad-Hoc|iPhone.Deploy.0 = Release|Any CPU
		{37A59FE5-903C-4306-A528-ABAD4C8164A6}.Ad-Hoc|iPhoneSimulator.ActiveCfg = Release|Any CPU
		{37A59FE5-903C-4306-A528-ABAD4C8164A6}.Ad-Hoc|iPhoneSimulator.Build.0 = Release|Any CPU
		{37A59FE5-903C-4306-A528-ABAD4C8164A6}.Ad-Hoc|iPhoneSimulator.Deploy.0 = Release|Any CPU
		{37A59FE5-903C-4306-A528-ABAD4C8164A6}.Ad-Hoc|x64.ActiveCfg = Release|Any CPU
		{37A59FE5-903C-4306-A528-ABAD4C8164A6}.Ad-Hoc|x64.Build.0 = Release|Any CPU
		{37A59FE5-903C-4306-A528-ABAD4C8164A6}.Ad-Hoc|x64.Deploy.0 = Release|Any CPU
		{37A59FE5-903C-4306-A528-ABAD4C8164A6}.Ad-Hoc|x86.ActiveCfg = Release|Any CPU
		{37A59FE5-903C-4306-A528-ABAD4C8164A6}.Ad-Hoc|x86.Build.0 = Release|Any CPU
		{37A59FE5-903C-4306-A528-ABAD4C8164A6}.Ad-Hoc|x86.Deploy.0 = Release|Any CPU
		{37A59FE5-903C-4306-A528-ABAD4C8164A6}.AppStore|Any CPU.ActiveCfg = Release|Any CPU
		{37A59FE5-903C-4306-A528-ABAD4C8164A6}.AppStore|Any CPU.Build.0 = Release|Any CPU
		{37A59FE5-903C-4306-A528-ABAD4C8164A6}.AppStore|Any CPU.Deploy.0 = Release|Any CPU
		{37A59FE5-903C-4306-A528-ABAD4C8164A6}.AppStore|ARM.ActiveCfg = Release|Any CPU
		{37A59FE5-903C-4306-A528-ABAD4C8164A6}.AppStore|ARM.Build.0 = Release|Any CPU
		{37A59FE5-903C-4306-A528-ABAD4C8164A6}.AppStore|ARM.Deploy.0 = Release|Any CPU
		{37A59FE5-903C-4306-A528-ABAD4C8164A6}.AppStore|iPhone.ActiveCfg = Release|Any CPU
		{37A59FE5-903C-4306-A528-ABAD4C8164A6}.AppStore|iPhone.Build.0 = Release|Any CPU
		{37A59FE5-903C-4306-A528-ABAD4C8164A6}.AppStore|iPhone.Deploy.0 = Release|Any CPU
		{37A59FE5-903C-4306-A528-ABAD4C8164A6}.AppStore|iPhoneSimulator.ActiveCfg = Release|Any CPU
		{37A59FE5-903C-4306-A528-ABAD4C8164A6}.AppStore|iPhoneSimulator.Build.0 = Release|Any CPU
		{37A59FE5-903C-4306-A528-ABAD4C8164A6}.AppStore|iPhoneSimulator.Deploy.0 = Release|Any CPU
		{37A59FE5-903C-4306-A528-ABAD4C8164A6}.AppStore|x64.ActiveCfg = Release|Any CPU
		{37A59FE5-903C-4306-A528-ABAD4C8164A6}.AppStore|x64.Build.0 = Release|Any CPU
		{37A59FE5-903C-4306-A528-ABAD4C8164A6}.AppStore|x64.Deploy.0 = Release|Any CPU
		{37A59FE5-903C-4306-A528-ABAD4C8164A6}.AppStore|x86.ActiveCfg = Release|Any CPU
		{37A59FE5-903C-4306-A528-ABAD4C8164A6}.AppStore|x86.Build.0 = Release|Any CPU
		{37A59FE5-903C-4306-A528-ABAD4C8164A6}.AppStore|x86.Deploy.0 = Release|Any CPU
		{37A59FE5-903C-4306-A528-ABAD4C8164A6}.Debug|Any CPU.ActiveCfg = Debug|Any CPU
		{37A59FE5-903C-4306-A528-ABAD4C8164A6}.Debug|Any CPU.Build.0 = Debug|Any CPU
		{37A59FE5-903C-4306-A528-ABAD4C8164A6}.Debug|Any CPU.Deploy.0 = Debug|Any CPU
		{37A59FE5-903C-4306-A528-ABAD4C8164A6}.Debug|ARM.ActiveCfg = Debug|Any CPU
		{37A59FE5-903C-4306-A528-ABAD4C8164A6}.Debug|ARM.Build.0 = Debug|Any CPU
		{37A59FE5-903C-4306-A528-ABAD4C8164A6}.Debug|ARM.Deploy.0 = Debug|Any CPU
		{37A59FE5-903C-4306-A528-ABAD4C8164A6}.Debug|iPhone.ActiveCfg = Debug|Any CPU
		{37A59FE5-903C-4306-A528-ABAD4C8164A6}.Debug|iPhone.Build.0 = Debug|Any CPU
		{37A59FE5-903C-4306-A528-ABAD4C8164A6}.Debug|iPhone.Deploy.0 = Debug|Any CPU
		{37A59FE5-903C-4306-A528-ABAD4C8164A6}.Debug|iPhoneSimulator.ActiveCfg = Debug|Any CPU
		{37A59FE5-903C-4306-A528-ABAD4C8164A6}.Debug|iPhoneSimulator.Build.0 = Debug|Any CPU
		{37A59FE5-903C-4306-A528-ABAD4C8164A6}.Debug|iPhoneSimulator.Deploy.0 = Debug|Any CPU
		{37A59FE5-903C-4306-A528-ABAD4C8164A6}.Debug|x64.ActiveCfg = Debug|Any CPU
		{37A59FE5-903C-4306-A528-ABAD4C8164A6}.Debug|x64.Build.0 = Debug|Any CPU
		{37A59FE5-903C-4306-A528-ABAD4C8164A6}.Debug|x64.Deploy.0 = Debug|Any CPU
		{37A59FE5-903C-4306-A528-ABAD4C8164A6}.Debug|x86.ActiveCfg = Debug|Any CPU
		{37A59FE5-903C-4306-A528-ABAD4C8164A6}.Debug|x86.Build.0 = Debug|Any CPU
		{37A59FE5-903C-4306-A528-ABAD4C8164A6}.Debug|x86.Deploy.0 = Debug|Any CPU
		{37A59FE5-903C-4306-A528-ABAD4C8164A6}.Release|Any CPU.ActiveCfg = Release|Any CPU
		{37A59FE5-903C-4306-A528-ABAD4C8164A6}.Release|Any CPU.Build.0 = Release|Any CPU
		{37A59FE5-903C-4306-A528-ABAD4C8164A6}.Release|Any CPU.Deploy.0 = Release|Any CPU
		{37A59FE5-903C-4306-A528-ABAD4C8164A6}.Release|ARM.ActiveCfg = Release|Any CPU
		{37A59FE5-903C-4306-A528-ABAD4C8164A6}.Release|ARM.Build.0 = Release|Any CPU
		{37A59FE5-903C-4306-A528-ABAD4C8164A6}.Release|ARM.Deploy.0 = Release|Any CPU
		{37A59FE5-903C-4306-A528-ABAD4C8164A6}.Release|iPhone.ActiveCfg = Release|Any CPU
		{37A59FE5-903C-4306-A528-ABAD4C8164A6}.Release|iPhone.Build.0 = Release|Any CPU
		{37A59FE5-903C-4306-A528-ABAD4C8164A6}.Release|iPhone.Deploy.0 = Release|Any CPU
		{37A59FE5-903C-4306-A528-ABAD4C8164A6}.Release|iPhoneSimulator.ActiveCfg = Release|Any CPU
		{37A59FE5-903C-4306-A528-ABAD4C8164A6}.Release|iPhoneSimulator.Build.0 = Release|Any CPU
		{37A59FE5-903C-4306-A528-ABAD4C8164A6}.Release|iPhoneSimulator.Deploy.0 = Release|Any CPU
		{37A59FE5-903C-4306-A528-ABAD4C8164A6}.Release|x64.ActiveCfg = Release|Any CPU
		{37A59FE5-903C-4306-A528-ABAD4C8164A6}.Release|x64.Build.0 = Release|Any CPU
		{37A59FE5-903C-4306-A528-ABAD4C8164A6}.Release|x64.Deploy.0 = Release|Any CPU
		{37A59FE5-903C-4306-A528-ABAD4C8164A6}.Release|x86.ActiveCfg = Release|Any CPU
		{37A59FE5-903C-4306-A528-ABAD4C8164A6}.Release|x86.Build.0 = Release|Any CPU
		{37A59FE5-903C-4306-A528-ABAD4C8164A6}.Release|x86.Deploy.0 = Release|Any CPU
		{AA3DBC18-A75B-4FB1-9369-D2B75ECE7ECE}.Ad-Hoc|Any CPU.ActiveCfg = Ad-Hoc|iPhone
		{AA3DBC18-A75B-4FB1-9369-D2B75ECE7ECE}.Ad-Hoc|ARM.ActiveCfg = Ad-Hoc|iPhone
		{AA3DBC18-A75B-4FB1-9369-D2B75ECE7ECE}.Ad-Hoc|iPhone.ActiveCfg = Ad-Hoc|iPhone
		{AA3DBC18-A75B-4FB1-9369-D2B75ECE7ECE}.Ad-Hoc|iPhone.Build.0 = Ad-Hoc|iPhone
		{AA3DBC18-A75B-4FB1-9369-D2B75ECE7ECE}.Ad-Hoc|iPhoneSimulator.ActiveCfg = Ad-Hoc|iPhoneSimulator
		{AA3DBC18-A75B-4FB1-9369-D2B75ECE7ECE}.Ad-Hoc|iPhoneSimulator.Build.0 = Ad-Hoc|iPhoneSimulator
		{AA3DBC18-A75B-4FB1-9369-D2B75ECE7ECE}.Ad-Hoc|x64.ActiveCfg = Ad-Hoc|iPhone
		{AA3DBC18-A75B-4FB1-9369-D2B75ECE7ECE}.Ad-Hoc|x86.ActiveCfg = Ad-Hoc|iPhone
		{AA3DBC18-A75B-4FB1-9369-D2B75ECE7ECE}.AppStore|Any CPU.ActiveCfg = AppStore|iPhone
		{AA3DBC18-A75B-4FB1-9369-D2B75ECE7ECE}.AppStore|ARM.ActiveCfg = AppStore|iPhone
		{AA3DBC18-A75B-4FB1-9369-D2B75ECE7ECE}.AppStore|iPhone.ActiveCfg = AppStore|iPhone
		{AA3DBC18-A75B-4FB1-9369-D2B75ECE7ECE}.AppStore|iPhone.Build.0 = AppStore|iPhone
		{AA3DBC18-A75B-4FB1-9369-D2B75ECE7ECE}.AppStore|iPhoneSimulator.ActiveCfg = AppStore|iPhoneSimulator
		{AA3DBC18-A75B-4FB1-9369-D2B75ECE7ECE}.AppStore|iPhoneSimulator.Build.0 = AppStore|iPhoneSimulator
		{AA3DBC18-A75B-4FB1-9369-D2B75ECE7ECE}.AppStore|x64.ActiveCfg = AppStore|iPhone
		{AA3DBC18-A75B-4FB1-9369-D2B75ECE7ECE}.AppStore|x86.ActiveCfg = AppStore|iPhone
		{AA3DBC18-A75B-4FB1-9369-D2B75ECE7ECE}.Debug|Any CPU.ActiveCfg = Debug|iPhone
		{AA3DBC18-A75B-4FB1-9369-D2B75ECE7ECE}.Debug|ARM.ActiveCfg = Debug|iPhone
		{AA3DBC18-A75B-4FB1-9369-D2B75ECE7ECE}.Debug|iPhone.ActiveCfg = Debug|iPhone
		{AA3DBC18-A75B-4FB1-9369-D2B75ECE7ECE}.Debug|iPhone.Build.0 = Debug|iPhone
		{AA3DBC18-A75B-4FB1-9369-D2B75ECE7ECE}.Debug|iPhoneSimulator.ActiveCfg = Debug|iPhoneSimulator
		{AA3DBC18-A75B-4FB1-9369-D2B75ECE7ECE}.Debug|iPhoneSimulator.Build.0 = Debug|iPhoneSimulator
		{AA3DBC18-A75B-4FB1-9369-D2B75ECE7ECE}.Debug|x64.ActiveCfg = Debug|iPhone
		{AA3DBC18-A75B-4FB1-9369-D2B75ECE7ECE}.Debug|x86.ActiveCfg = Debug|iPhone
		{AA3DBC18-A75B-4FB1-9369-D2B75ECE7ECE}.Release|Any CPU.ActiveCfg = Release|iPhone
		{AA3DBC18-A75B-4FB1-9369-D2B75ECE7ECE}.Release|ARM.ActiveCfg = Release|iPhone
		{AA3DBC18-A75B-4FB1-9369-D2B75ECE7ECE}.Release|iPhone.ActiveCfg = Release|iPhone
		{AA3DBC18-A75B-4FB1-9369-D2B75ECE7ECE}.Release|iPhone.Build.0 = Release|iPhone
		{AA3DBC18-A75B-4FB1-9369-D2B75ECE7ECE}.Release|iPhoneSimulator.ActiveCfg = Release|iPhoneSimulator
		{AA3DBC18-A75B-4FB1-9369-D2B75ECE7ECE}.Release|iPhoneSimulator.Build.0 = Release|iPhoneSimulator
		{AA3DBC18-A75B-4FB1-9369-D2B75ECE7ECE}.Release|x64.ActiveCfg = Release|iPhone
		{AA3DBC18-A75B-4FB1-9369-D2B75ECE7ECE}.Release|x86.ActiveCfg = Release|iPhone
		{8CC4EA0F-B39F-4F71-B5E3-6C028742E0C2}.Ad-Hoc|Any CPU.ActiveCfg = Release|x86
		{8CC4EA0F-B39F-4F71-B5E3-6C028742E0C2}.Ad-Hoc|Any CPU.Build.0 = Release|x86
		{8CC4EA0F-B39F-4F71-B5E3-6C028742E0C2}.Ad-Hoc|Any CPU.Deploy.0 = Release|x86
		{8CC4EA0F-B39F-4F71-B5E3-6C028742E0C2}.Ad-Hoc|ARM.ActiveCfg = Release|ARM
		{8CC4EA0F-B39F-4F71-B5E3-6C028742E0C2}.Ad-Hoc|ARM.Build.0 = Release|ARM
		{8CC4EA0F-B39F-4F71-B5E3-6C028742E0C2}.Ad-Hoc|ARM.Deploy.0 = Release|ARM
		{8CC4EA0F-B39F-4F71-B5E3-6C028742E0C2}.Ad-Hoc|iPhone.ActiveCfg = Release|x86
		{8CC4EA0F-B39F-4F71-B5E3-6C028742E0C2}.Ad-Hoc|iPhone.Build.0 = Release|x86
		{8CC4EA0F-B39F-4F71-B5E3-6C028742E0C2}.Ad-Hoc|iPhone.Deploy.0 = Release|x86
		{8CC4EA0F-B39F-4F71-B5E3-6C028742E0C2}.Ad-Hoc|iPhoneSimulator.ActiveCfg = Release|x86
		{8CC4EA0F-B39F-4F71-B5E3-6C028742E0C2}.Ad-Hoc|iPhoneSimulator.Build.0 = Release|x86
		{8CC4EA0F-B39F-4F71-B5E3-6C028742E0C2}.Ad-Hoc|iPhoneSimulator.Deploy.0 = Release|x86
		{8CC4EA0F-B39F-4F71-B5E3-6C028742E0C2}.Ad-Hoc|x64.ActiveCfg = Release|x64
		{8CC4EA0F-B39F-4F71-B5E3-6C028742E0C2}.Ad-Hoc|x64.Build.0 = Release|x64
		{8CC4EA0F-B39F-4F71-B5E3-6C028742E0C2}.Ad-Hoc|x64.Deploy.0 = Release|x64
		{8CC4EA0F-B39F-4F71-B5E3-6C028742E0C2}.Ad-Hoc|x86.ActiveCfg = Release|x86
		{8CC4EA0F-B39F-4F71-B5E3-6C028742E0C2}.Ad-Hoc|x86.Build.0 = Release|x86
		{8CC4EA0F-B39F-4F71-B5E3-6C028742E0C2}.Ad-Hoc|x86.Deploy.0 = Release|x86
		{8CC4EA0F-B39F-4F71-B5E3-6C028742E0C2}.AppStore|Any CPU.ActiveCfg = Release|x86
		{8CC4EA0F-B39F-4F71-B5E3-6C028742E0C2}.AppStore|Any CPU.Build.0 = Release|x86
		{8CC4EA0F-B39F-4F71-B5E3-6C028742E0C2}.AppStore|Any CPU.Deploy.0 = Release|x86
		{8CC4EA0F-B39F-4F71-B5E3-6C028742E0C2}.AppStore|ARM.ActiveCfg = Release|ARM
		{8CC4EA0F-B39F-4F71-B5E3-6C028742E0C2}.AppStore|ARM.Build.0 = Release|ARM
		{8CC4EA0F-B39F-4F71-B5E3-6C028742E0C2}.AppStore|ARM.Deploy.0 = Release|ARM
		{8CC4EA0F-B39F-4F71-B5E3-6C028742E0C2}.AppStore|iPhone.ActiveCfg = Release|x86
		{8CC4EA0F-B39F-4F71-B5E3-6C028742E0C2}.AppStore|iPhone.Build.0 = Release|x86
		{8CC4EA0F-B39F-4F71-B5E3-6C028742E0C2}.AppStore|iPhone.Deploy.0 = Release|x86
		{8CC4EA0F-B39F-4F71-B5E3-6C028742E0C2}.AppStore|iPhoneSimulator.ActiveCfg = Release|x86
		{8CC4EA0F-B39F-4F71-B5E3-6C028742E0C2}.AppStore|iPhoneSimulator.Build.0 = Release|x86
		{8CC4EA0F-B39F-4F71-B5E3-6C028742E0C2}.AppStore|iPhoneSimulator.Deploy.0 = Release|x86
		{8CC4EA0F-B39F-4F71-B5E3-6C028742E0C2}.AppStore|x64.ActiveCfg = Release|x64
		{8CC4EA0F-B39F-4F71-B5E3-6C028742E0C2}.AppStore|x64.Build.0 = Release|x64
		{8CC4EA0F-B39F-4F71-B5E3-6C028742E0C2}.AppStore|x64.Deploy.0 = Release|x64
		{8CC4EA0F-B39F-4F71-B5E3-6C028742E0C2}.AppStore|x86.ActiveCfg = Release|x86
		{8CC4EA0F-B39F-4F71-B5E3-6C028742E0C2}.AppStore|x86.Build.0 = Release|x86
		{8CC4EA0F-B39F-4F71-B5E3-6C028742E0C2}.AppStore|x86.Deploy.0 = Release|x86
		{8CC4EA0F-B39F-4F71-B5E3-6C028742E0C2}.Debug|Any CPU.ActiveCfg = Debug|x86
		{8CC4EA0F-B39F-4F71-B5E3-6C028742E0C2}.Debug|ARM.ActiveCfg = Debug|ARM
		{8CC4EA0F-B39F-4F71-B5E3-6C028742E0C2}.Debug|ARM.Build.0 = Debug|ARM
		{8CC4EA0F-B39F-4F71-B5E3-6C028742E0C2}.Debug|ARM.Deploy.0 = Debug|ARM
		{8CC4EA0F-B39F-4F71-B5E3-6C028742E0C2}.Debug|iPhone.ActiveCfg = Debug|x86
		{8CC4EA0F-B39F-4F71-B5E3-6C028742E0C2}.Debug|iPhoneSimulator.ActiveCfg = Debug|x86
		{8CC4EA0F-B39F-4F71-B5E3-6C028742E0C2}.Debug|x64.ActiveCfg = Debug|x64
		{8CC4EA0F-B39F-4F71-B5E3-6C028742E0C2}.Debug|x64.Build.0 = Debug|x64
		{8CC4EA0F-B39F-4F71-B5E3-6C028742E0C2}.Debug|x64.Deploy.0 = Debug|x64
		{8CC4EA0F-B39F-4F71-B5E3-6C028742E0C2}.Debug|x86.ActiveCfg = Debug|x86
		{8CC4EA0F-B39F-4F71-B5E3-6C028742E0C2}.Debug|x86.Build.0 = Debug|x86
		{8CC4EA0F-B39F-4F71-B5E3-6C028742E0C2}.Debug|x86.Deploy.0 = Debug|x86
		{8CC4EA0F-B39F-4F71-B5E3-6C028742E0C2}.Release|Any CPU.ActiveCfg = Release|x86
		{8CC4EA0F-B39F-4F71-B5E3-6C028742E0C2}.Release|ARM.ActiveCfg = Release|ARM
		{8CC4EA0F-B39F-4F71-B5E3-6C028742E0C2}.Release|ARM.Build.0 = Release|ARM
		{8CC4EA0F-B39F-4F71-B5E3-6C028742E0C2}.Release|ARM.Deploy.0 = Release|ARM
		{8CC4EA0F-B39F-4F71-B5E3-6C028742E0C2}.Release|iPhone.ActiveCfg = Release|x86
		{8CC4EA0F-B39F-4F71-B5E3-6C028742E0C2}.Release|iPhoneSimulator.ActiveCfg = Release|x86
		{8CC4EA0F-B39F-4F71-B5E3-6C028742E0C2}.Release|x64.ActiveCfg = Release|x64
		{8CC4EA0F-B39F-4F71-B5E3-6C028742E0C2}.Release|x64.Build.0 = Release|x64
		{8CC4EA0F-B39F-4F71-B5E3-6C028742E0C2}.Release|x64.Deploy.0 = Release|x64
		{8CC4EA0F-B39F-4F71-B5E3-6C028742E0C2}.Release|x86.ActiveCfg = Release|x86
		{8CC4EA0F-B39F-4F71-B5E3-6C028742E0C2}.Release|x86.Build.0 = Release|x86
		{8CC4EA0F-B39F-4F71-B5E3-6C028742E0C2}.Release|x86.Deploy.0 = Release|x86
		{D6557773-3BA2-4B6B-B699-D0E9F497791D}.Ad-Hoc|Any CPU.ActiveCfg = Debug|Any CPU
		{D6557773-3BA2-4B6B-B699-D0E9F497791D}.Ad-Hoc|Any CPU.Build.0 = Debug|Any CPU
		{D6557773-3BA2-4B6B-B699-D0E9F497791D}.Ad-Hoc|ARM.ActiveCfg = Debug|Any CPU
		{D6557773-3BA2-4B6B-B699-D0E9F497791D}.Ad-Hoc|ARM.Build.0 = Debug|Any CPU
		{D6557773-3BA2-4B6B-B699-D0E9F497791D}.Ad-Hoc|iPhone.ActiveCfg = Debug|Any CPU
		{D6557773-3BA2-4B6B-B699-D0E9F497791D}.Ad-Hoc|iPhone.Build.0 = Debug|Any CPU
		{D6557773-3BA2-4B6B-B699-D0E9F497791D}.Ad-Hoc|iPhoneSimulator.ActiveCfg = Debug|Any CPU
		{D6557773-3BA2-4B6B-B699-D0E9F497791D}.Ad-Hoc|iPhoneSimulator.Build.0 = Debug|Any CPU
		{D6557773-3BA2-4B6B-B699-D0E9F497791D}.Ad-Hoc|x64.ActiveCfg = Debug|Any CPU
		{D6557773-3BA2-4B6B-B699-D0E9F497791D}.Ad-Hoc|x64.Build.0 = Debug|Any CPU
		{D6557773-3BA2-4B6B-B699-D0E9F497791D}.Ad-Hoc|x86.ActiveCfg = Debug|Any CPU
		{D6557773-3BA2-4B6B-B699-D0E9F497791D}.Ad-Hoc|x86.Build.0 = Debug|Any CPU
		{D6557773-3BA2-4B6B-B699-D0E9F497791D}.AppStore|Any CPU.ActiveCfg = Debug|Any CPU
		{D6557773-3BA2-4B6B-B699-D0E9F497791D}.AppStore|Any CPU.Build.0 = Debug|Any CPU
		{D6557773-3BA2-4B6B-B699-D0E9F497791D}.AppStore|ARM.ActiveCfg = Debug|Any CPU
		{D6557773-3BA2-4B6B-B699-D0E9F497791D}.AppStore|ARM.Build.0 = Debug|Any CPU
		{D6557773-3BA2-4B6B-B699-D0E9F497791D}.AppStore|iPhone.ActiveCfg = Debug|Any CPU
		{D6557773-3BA2-4B6B-B699-D0E9F497791D}.AppStore|iPhone.Build.0 = Debug|Any CPU
		{D6557773-3BA2-4B6B-B699-D0E9F497791D}.AppStore|iPhoneSimulator.ActiveCfg = Debug|Any CPU
		{D6557773-3BA2-4B6B-B699-D0E9F497791D}.AppStore|iPhoneSimulator.Build.0 = Debug|Any CPU
		{D6557773-3BA2-4B6B-B699-D0E9F497791D}.AppStore|x64.ActiveCfg = Debug|Any CPU
		{D6557773-3BA2-4B6B-B699-D0E9F497791D}.AppStore|x64.Build.0 = Debug|Any CPU
		{D6557773-3BA2-4B6B-B699-D0E9F497791D}.AppStore|x86.ActiveCfg = Debug|Any CPU
		{D6557773-3BA2-4B6B-B699-D0E9F497791D}.AppStore|x86.Build.0 = Debug|Any CPU
		{D6557773-3BA2-4B6B-B699-D0E9F497791D}.Debug|Any CPU.ActiveCfg = Debug|Any CPU
		{D6557773-3BA2-4B6B-B699-D0E9F497791D}.Debug|Any CPU.Build.0 = Debug|Any CPU
		{D6557773-3BA2-4B6B-B699-D0E9F497791D}.Debug|ARM.ActiveCfg = Debug|Any CPU
		{D6557773-3BA2-4B6B-B699-D0E9F497791D}.Debug|ARM.Build.0 = Debug|Any CPU
		{D6557773-3BA2-4B6B-B699-D0E9F497791D}.Debug|iPhone.ActiveCfg = Debug|Any CPU
		{D6557773-3BA2-4B6B-B699-D0E9F497791D}.Debug|iPhone.Build.0 = Debug|Any CPU
		{D6557773-3BA2-4B6B-B699-D0E9F497791D}.Debug|iPhoneSimulator.ActiveCfg = Debug|Any CPU
		{D6557773-3BA2-4B6B-B699-D0E9F497791D}.Debug|iPhoneSimulator.Build.0 = Debug|Any CPU
		{D6557773-3BA2-4B6B-B699-D0E9F497791D}.Debug|x64.ActiveCfg = Debug|Any CPU
		{D6557773-3BA2-4B6B-B699-D0E9F497791D}.Debug|x64.Build.0 = Debug|Any CPU
		{D6557773-3BA2-4B6B-B699-D0E9F497791D}.Debug|x86.ActiveCfg = Debug|Any CPU
		{D6557773-3BA2-4B6B-B699-D0E9F497791D}.Debug|x86.Build.0 = Debug|Any CPU
		{D6557773-3BA2-4B6B-B699-D0E9F497791D}.Release|Any CPU.ActiveCfg = Release|Any CPU
		{D6557773-3BA2-4B6B-B699-D0E9F497791D}.Release|Any CPU.Build.0 = Release|Any CPU
		{D6557773-3BA2-4B6B-B699-D0E9F497791D}.Release|ARM.ActiveCfg = Release|Any CPU
		{D6557773-3BA2-4B6B-B699-D0E9F497791D}.Release|ARM.Build.0 = Release|Any CPU
		{D6557773-3BA2-4B6B-B699-D0E9F497791D}.Release|iPhone.ActiveCfg = Release|Any CPU
		{D6557773-3BA2-4B6B-B699-D0E9F497791D}.Release|iPhone.Build.0 = Release|Any CPU
		{D6557773-3BA2-4B6B-B699-D0E9F497791D}.Release|iPhoneSimulator.ActiveCfg = Release|Any CPU
		{D6557773-3BA2-4B6B-B699-D0E9F497791D}.Release|iPhoneSimulator.Build.0 = Release|Any CPU
		{D6557773-3BA2-4B6B-B699-D0E9F497791D}.Release|x64.ActiveCfg = Release|Any CPU
		{D6557773-3BA2-4B6B-B699-D0E9F497791D}.Release|x64.Build.0 = Release|Any CPU
		{D6557773-3BA2-4B6B-B699-D0E9F497791D}.Release|x86.ActiveCfg = Release|Any CPU
		{D6557773-3BA2-4B6B-B699-D0E9F497791D}.Release|x86.Build.0 = Release|Any CPU
		{7A0045D4-2CCE-422B-B2E6-45B528EAF443}.Ad-Hoc|Any CPU.ActiveCfg = Debug|Any CPU
		{7A0045D4-2CCE-422B-B2E6-45B528EAF443}.Ad-Hoc|Any CPU.Build.0 = Debug|Any CPU
		{7A0045D4-2CCE-422B-B2E6-45B528EAF443}.Ad-Hoc|ARM.ActiveCfg = Debug|Any CPU
		{7A0045D4-2CCE-422B-B2E6-45B528EAF443}.Ad-Hoc|ARM.Build.0 = Debug|Any CPU
		{7A0045D4-2CCE-422B-B2E6-45B528EAF443}.Ad-Hoc|iPhone.ActiveCfg = Debug|Any CPU
		{7A0045D4-2CCE-422B-B2E6-45B528EAF443}.Ad-Hoc|iPhone.Build.0 = Debug|Any CPU
		{7A0045D4-2CCE-422B-B2E6-45B528EAF443}.Ad-Hoc|iPhoneSimulator.ActiveCfg = Debug|Any CPU
		{7A0045D4-2CCE-422B-B2E6-45B528EAF443}.Ad-Hoc|iPhoneSimulator.Build.0 = Debug|Any CPU
		{7A0045D4-2CCE-422B-B2E6-45B528EAF443}.Ad-Hoc|x64.ActiveCfg = Debug|Any CPU
		{7A0045D4-2CCE-422B-B2E6-45B528EAF443}.Ad-Hoc|x64.Build.0 = Debug|Any CPU
		{7A0045D4-2CCE-422B-B2E6-45B528EAF443}.Ad-Hoc|x86.ActiveCfg = Debug|Any CPU
		{7A0045D4-2CCE-422B-B2E6-45B528EAF443}.Ad-Hoc|x86.Build.0 = Debug|Any CPU
		{7A0045D4-2CCE-422B-B2E6-45B528EAF443}.AppStore|Any CPU.ActiveCfg = Debug|Any CPU
		{7A0045D4-2CCE-422B-B2E6-45B528EAF443}.AppStore|Any CPU.Build.0 = Debug|Any CPU
		{7A0045D4-2CCE-422B-B2E6-45B528EAF443}.AppStore|ARM.ActiveCfg = Debug|Any CPU
		{7A0045D4-2CCE-422B-B2E6-45B528EAF443}.AppStore|ARM.Build.0 = Debug|Any CPU
		{7A0045D4-2CCE-422B-B2E6-45B528EAF443}.AppStore|iPhone.ActiveCfg = Debug|Any CPU
		{7A0045D4-2CCE-422B-B2E6-45B528EAF443}.AppStore|iPhone.Build.0 = Debug|Any CPU
		{7A0045D4-2CCE-422B-B2E6-45B528EAF443}.AppStore|iPhoneSimulator.ActiveCfg = Debug|Any CPU
		{7A0045D4-2CCE-422B-B2E6-45B528EAF443}.AppStore|iPhoneSimulator.Build.0 = Debug|Any CPU
		{7A0045D4-2CCE-422B-B2E6-45B528EAF443}.AppStore|x64.ActiveCfg = Debug|Any CPU
		{7A0045D4-2CCE-422B-B2E6-45B528EAF443}.AppStore|x64.Build.0 = Debug|Any CPU
		{7A0045D4-2CCE-422B-B2E6-45B528EAF443}.AppStore|x86.ActiveCfg = Debug|Any CPU
		{7A0045D4-2CCE-422B-B2E6-45B528EAF443}.AppStore|x86.Build.0 = Debug|Any CPU
		{7A0045D4-2CCE-422B-B2E6-45B528EAF443}.Debug|Any CPU.ActiveCfg = Debug|Any CPU
		{7A0045D4-2CCE-422B-B2E6-45B528EAF443}.Debug|Any CPU.Build.0 = Debug|Any CPU
		{7A0045D4-2CCE-422B-B2E6-45B528EAF443}.Debug|ARM.ActiveCfg = Debug|Any CPU
		{7A0045D4-2CCE-422B-B2E6-45B528EAF443}.Debug|ARM.Build.0 = Debug|Any CPU
		{7A0045D4-2CCE-422B-B2E6-45B528EAF443}.Debug|iPhone.ActiveCfg = Debug|Any CPU
		{7A0045D4-2CCE-422B-B2E6-45B528EAF443}.Debug|iPhone.Build.0 = Debug|Any CPU
		{7A0045D4-2CCE-422B-B2E6-45B528EAF443}.Debug|iPhoneSimulator.ActiveCfg = Debug|Any CPU
		{7A0045D4-2CCE-422B-B2E6-45B528EAF443}.Debug|iPhoneSimulator.Build.0 = Debug|Any CPU
		{7A0045D4-2CCE-422B-B2E6-45B528EAF443}.Debug|x64.ActiveCfg = Debug|Any CPU
		{7A0045D4-2CCE-422B-B2E6-45B528EAF443}.Debug|x64.Build.0 = Debug|Any CPU
		{7A0045D4-2CCE-422B-B2E6-45B528EAF443}.Debug|x86.ActiveCfg = Debug|Any CPU
		{7A0045D4-2CCE-422B-B2E6-45B528EAF443}.Debug|x86.Build.0 = Debug|Any CPU
		{7A0045D4-2CCE-422B-B2E6-45B528EAF443}.Release|Any CPU.ActiveCfg = Release|Any CPU
		{7A0045D4-2CCE-422B-B2E6-45B528EAF443}.Release|Any CPU.Build.0 = Release|Any CPU
		{7A0045D4-2CCE-422B-B2E6-45B528EAF443}.Release|ARM.ActiveCfg = Release|Any CPU
		{7A0045D4-2CCE-422B-B2E6-45B528EAF443}.Release|ARM.Build.0 = Release|Any CPU
		{7A0045D4-2CCE-422B-B2E6-45B528EAF443}.Release|iPhone.ActiveCfg = Release|Any CPU
		{7A0045D4-2CCE-422B-B2E6-45B528EAF443}.Release|iPhone.Build.0 = Release|Any CPU
		{7A0045D4-2CCE-422B-B2E6-45B528EAF443}.Release|iPhoneSimulator.ActiveCfg = Release|Any CPU
		{7A0045D4-2CCE-422B-B2E6-45B528EAF443}.Release|iPhoneSimulator.Build.0 = Release|Any CPU
		{7A0045D4-2CCE-422B-B2E6-45B528EAF443}.Release|x64.ActiveCfg = Release|Any CPU
		{7A0045D4-2CCE-422B-B2E6-45B528EAF443}.Release|x64.Build.0 = Release|Any CPU
		{7A0045D4-2CCE-422B-B2E6-45B528EAF443}.Release|x86.ActiveCfg = Release|Any CPU
		{7A0045D4-2CCE-422B-B2E6-45B528EAF443}.Release|x86.Build.0 = Release|Any CPU
		{3FDC7213-4463-45A8-A682-48260F4D8495}.Ad-Hoc|Any CPU.ActiveCfg = Debug|Any CPU
		{3FDC7213-4463-45A8-A682-48260F4D8495}.Ad-Hoc|Any CPU.Build.0 = Debug|Any CPU
		{3FDC7213-4463-45A8-A682-48260F4D8495}.Ad-Hoc|ARM.ActiveCfg = Debug|Any CPU
		{3FDC7213-4463-45A8-A682-48260F4D8495}.Ad-Hoc|ARM.Build.0 = Debug|Any CPU
		{3FDC7213-4463-45A8-A682-48260F4D8495}.Ad-Hoc|iPhone.ActiveCfg = Debug|Any CPU
		{3FDC7213-4463-45A8-A682-48260F4D8495}.Ad-Hoc|iPhone.Build.0 = Debug|Any CPU
		{3FDC7213-4463-45A8-A682-48260F4D8495}.Ad-Hoc|iPhoneSimulator.ActiveCfg = Debug|Any CPU
		{3FDC7213-4463-45A8-A682-48260F4D8495}.Ad-Hoc|iPhoneSimulator.Build.0 = Debug|Any CPU
		{3FDC7213-4463-45A8-A682-48260F4D8495}.Ad-Hoc|x64.ActiveCfg = Debug|Any CPU
		{3FDC7213-4463-45A8-A682-48260F4D8495}.Ad-Hoc|x64.Build.0 = Debug|Any CPU
		{3FDC7213-4463-45A8-A682-48260F4D8495}.Ad-Hoc|x86.ActiveCfg = Debug|Any CPU
		{3FDC7213-4463-45A8-A682-48260F4D8495}.Ad-Hoc|x86.Build.0 = Debug|Any CPU
		{3FDC7213-4463-45A8-A682-48260F4D8495}.AppStore|Any CPU.ActiveCfg = Debug|Any CPU
		{3FDC7213-4463-45A8-A682-48260F4D8495}.AppStore|Any CPU.Build.0 = Debug|Any CPU
		{3FDC7213-4463-45A8-A682-48260F4D8495}.AppStore|ARM.ActiveCfg = Debug|Any CPU
		{3FDC7213-4463-45A8-A682-48260F4D8495}.AppStore|ARM.Build.0 = Debug|Any CPU
		{3FDC7213-4463-45A8-A682-48260F4D8495}.AppStore|iPhone.ActiveCfg = Debug|Any CPU
		{3FDC7213-4463-45A8-A682-48260F4D8495}.AppStore|iPhone.Build.0 = Debug|Any CPU
		{3FDC7213-4463-45A8-A682-48260F4D8495}.AppStore|iPhoneSimulator.ActiveCfg = Debug|Any CPU
		{3FDC7213-4463-45A8-A682-48260F4D8495}.AppStore|iPhoneSimulator.Build.0 = Debug|Any CPU
		{3FDC7213-4463-45A8-A682-48260F4D8495}.AppStore|x64.ActiveCfg = Debug|Any CPU
		{3FDC7213-4463-45A8-A682-48260F4D8495}.AppStore|x64.Build.0 = Debug|Any CPU
		{3FDC7213-4463-45A8-A682-48260F4D8495}.AppStore|x86.ActiveCfg = Debug|Any CPU
		{3FDC7213-4463-45A8-A682-48260F4D8495}.AppStore|x86.Build.0 = Debug|Any CPU
		{3FDC7213-4463-45A8-A682-48260F4D8495}.Debug|Any CPU.ActiveCfg = Debug|Any CPU
		{3FDC7213-4463-45A8-A682-48260F4D8495}.Debug|Any CPU.Build.0 = Debug|Any CPU
		{3FDC7213-4463-45A8-A682-48260F4D8495}.Debug|ARM.ActiveCfg = Debug|Any CPU
		{3FDC7213-4463-45A8-A682-48260F4D8495}.Debug|ARM.Build.0 = Debug|Any CPU
		{3FDC7213-4463-45A8-A682-48260F4D8495}.Debug|iPhone.ActiveCfg = Debug|Any CPU
		{3FDC7213-4463-45A8-A682-48260F4D8495}.Debug|iPhone.Build.0 = Debug|Any CPU
		{3FDC7213-4463-45A8-A682-48260F4D8495}.Debug|iPhoneSimulator.ActiveCfg = Debug|Any CPU
		{3FDC7213-4463-45A8-A682-48260F4D8495}.Debug|iPhoneSimulator.Build.0 = Debug|Any CPU
		{3FDC7213-4463-45A8-A682-48260F4D8495}.Debug|x64.ActiveCfg = Debug|Any CPU
		{3FDC7213-4463-45A8-A682-48260F4D8495}.Debug|x64.Build.0 = Debug|Any CPU
		{3FDC7213-4463-45A8-A682-48260F4D8495}.Debug|x86.ActiveCfg = Debug|Any CPU
		{3FDC7213-4463-45A8-A682-48260F4D8495}.Debug|x86.Build.0 = Debug|Any CPU
		{3FDC7213-4463-45A8-A682-48260F4D8495}.Release|Any CPU.ActiveCfg = Release|Any CPU
		{3FDC7213-4463-45A8-A682-48260F4D8495}.Release|Any CPU.Build.0 = Release|Any CPU
		{3FDC7213-4463-45A8-A682-48260F4D8495}.Release|ARM.ActiveCfg = Release|Any CPU
		{3FDC7213-4463-45A8-A682-48260F4D8495}.Release|ARM.Build.0 = Release|Any CPU
		{3FDC7213-4463-45A8-A682-48260F4D8495}.Release|iPhone.ActiveCfg = Release|Any CPU
		{3FDC7213-4463-45A8-A682-48260F4D8495}.Release|iPhone.Build.0 = Release|Any CPU
		{3FDC7213-4463-45A8-A682-48260F4D8495}.Release|iPhoneSimulator.ActiveCfg = Release|Any CPU
		{3FDC7213-4463-45A8-A682-48260F4D8495}.Release|iPhoneSimulator.Build.0 = Release|Any CPU
		{3FDC7213-4463-45A8-A682-48260F4D8495}.Release|x64.ActiveCfg = Release|Any CPU
		{3FDC7213-4463-45A8-A682-48260F4D8495}.Release|x64.Build.0 = Release|Any CPU
		{3FDC7213-4463-45A8-A682-48260F4D8495}.Release|x86.ActiveCfg = Release|Any CPU
		{3FDC7213-4463-45A8-A682-48260F4D8495}.Release|x86.Build.0 = Release|Any CPU
		{2C476FA5-66FF-4A5C-B43E-049032C86F1E}.Ad-Hoc|Any CPU.ActiveCfg = Debug|Any CPU
		{2C476FA5-66FF-4A5C-B43E-049032C86F1E}.Ad-Hoc|Any CPU.Build.0 = Debug|Any CPU
		{2C476FA5-66FF-4A5C-B43E-049032C86F1E}.Ad-Hoc|ARM.ActiveCfg = Debug|Any CPU
		{2C476FA5-66FF-4A5C-B43E-049032C86F1E}.Ad-Hoc|ARM.Build.0 = Debug|Any CPU
		{2C476FA5-66FF-4A5C-B43E-049032C86F1E}.Ad-Hoc|iPhone.ActiveCfg = Debug|Any CPU
		{2C476FA5-66FF-4A5C-B43E-049032C86F1E}.Ad-Hoc|iPhone.Build.0 = Debug|Any CPU
		{2C476FA5-66FF-4A5C-B43E-049032C86F1E}.Ad-Hoc|iPhoneSimulator.ActiveCfg = Debug|Any CPU
		{2C476FA5-66FF-4A5C-B43E-049032C86F1E}.Ad-Hoc|iPhoneSimulator.Build.0 = Debug|Any CPU
		{2C476FA5-66FF-4A5C-B43E-049032C86F1E}.Ad-Hoc|x64.ActiveCfg = Debug|Any CPU
		{2C476FA5-66FF-4A5C-B43E-049032C86F1E}.Ad-Hoc|x64.Build.0 = Debug|Any CPU
		{2C476FA5-66FF-4A5C-B43E-049032C86F1E}.Ad-Hoc|x86.ActiveCfg = Debug|Any CPU
		{2C476FA5-66FF-4A5C-B43E-049032C86F1E}.Ad-Hoc|x86.Build.0 = Debug|Any CPU
		{2C476FA5-66FF-4A5C-B43E-049032C86F1E}.AppStore|Any CPU.ActiveCfg = Debug|Any CPU
		{2C476FA5-66FF-4A5C-B43E-049032C86F1E}.AppStore|Any CPU.Build.0 = Debug|Any CPU
		{2C476FA5-66FF-4A5C-B43E-049032C86F1E}.AppStore|ARM.ActiveCfg = Debug|Any CPU
		{2C476FA5-66FF-4A5C-B43E-049032C86F1E}.AppStore|ARM.Build.0 = Debug|Any CPU
		{2C476FA5-66FF-4A5C-B43E-049032C86F1E}.AppStore|iPhone.ActiveCfg = Debug|Any CPU
		{2C476FA5-66FF-4A5C-B43E-049032C86F1E}.AppStore|iPhone.Build.0 = Debug|Any CPU
		{2C476FA5-66FF-4A5C-B43E-049032C86F1E}.AppStore|iPhoneSimulator.ActiveCfg = Debug|Any CPU
		{2C476FA5-66FF-4A5C-B43E-049032C86F1E}.AppStore|iPhoneSimulator.Build.0 = Debug|Any CPU
		{2C476FA5-66FF-4A5C-B43E-049032C86F1E}.AppStore|x64.ActiveCfg = Debug|Any CPU
		{2C476FA5-66FF-4A5C-B43E-049032C86F1E}.AppStore|x64.Build.0 = Debug|Any CPU
		{2C476FA5-66FF-4A5C-B43E-049032C86F1E}.AppStore|x86.ActiveCfg = Debug|Any CPU
		{2C476FA5-66FF-4A5C-B43E-049032C86F1E}.AppStore|x86.Build.0 = Debug|Any CPU
		{2C476FA5-66FF-4A5C-B43E-049032C86F1E}.Debug|Any CPU.ActiveCfg = Debug|Any CPU
		{2C476FA5-66FF-4A5C-B43E-049032C86F1E}.Debug|Any CPU.Build.0 = Debug|Any CPU
		{2C476FA5-66FF-4A5C-B43E-049032C86F1E}.Debug|ARM.ActiveCfg = Debug|Any CPU
		{2C476FA5-66FF-4A5C-B43E-049032C86F1E}.Debug|ARM.Build.0 = Debug|Any CPU
		{2C476FA5-66FF-4A5C-B43E-049032C86F1E}.Debug|iPhone.ActiveCfg = Debug|Any CPU
		{2C476FA5-66FF-4A5C-B43E-049032C86F1E}.Debug|iPhone.Build.0 = Debug|Any CPU
		{2C476FA5-66FF-4A5C-B43E-049032C86F1E}.Debug|iPhoneSimulator.ActiveCfg = Debug|Any CPU
		{2C476FA5-66FF-4A5C-B43E-049032C86F1E}.Debug|iPhoneSimulator.Build.0 = Debug|Any CPU
		{2C476FA5-66FF-4A5C-B43E-049032C86F1E}.Debug|x64.ActiveCfg = Debug|Any CPU
		{2C476FA5-66FF-4A5C-B43E-049032C86F1E}.Debug|x64.Build.0 = Debug|Any CPU
		{2C476FA5-66FF-4A5C-B43E-049032C86F1E}.Debug|x86.ActiveCfg = Debug|Any CPU
		{2C476FA5-66FF-4A5C-B43E-049032C86F1E}.Debug|x86.Build.0 = Debug|Any CPU
		{2C476FA5-66FF-4A5C-B43E-049032C86F1E}.Release|Any CPU.ActiveCfg = Release|Any CPU
		{2C476FA5-66FF-4A5C-B43E-049032C86F1E}.Release|Any CPU.Build.0 = Release|Any CPU
		{2C476FA5-66FF-4A5C-B43E-049032C86F1E}.Release|ARM.ActiveCfg = Release|Any CPU
		{2C476FA5-66FF-4A5C-B43E-049032C86F1E}.Release|ARM.Build.0 = Release|Any CPU
		{2C476FA5-66FF-4A5C-B43E-049032C86F1E}.Release|iPhone.ActiveCfg = Release|Any CPU
		{2C476FA5-66FF-4A5C-B43E-049032C86F1E}.Release|iPhone.Build.0 = Release|Any CPU
		{2C476FA5-66FF-4A5C-B43E-049032C86F1E}.Release|iPhoneSimulator.ActiveCfg = Release|Any CPU
		{2C476FA5-66FF-4A5C-B43E-049032C86F1E}.Release|iPhoneSimulator.Build.0 = Release|Any CPU
		{2C476FA5-66FF-4A5C-B43E-049032C86F1E}.Release|x64.ActiveCfg = Release|Any CPU
		{2C476FA5-66FF-4A5C-B43E-049032C86F1E}.Release|x64.Build.0 = Release|Any CPU
		{2C476FA5-66FF-4A5C-B43E-049032C86F1E}.Release|x86.ActiveCfg = Release|Any CPU
		{2C476FA5-66FF-4A5C-B43E-049032C86F1E}.Release|x86.Build.0 = Release|Any CPU
		{E6D7262F-266C-41CD-B09E-BF67A6706557}.Ad-Hoc|Any CPU.ActiveCfg = Release|Any CPU
		{E6D7262F-266C-41CD-B09E-BF67A6706557}.Ad-Hoc|Any CPU.Build.0 = Release|Any CPU
		{E6D7262F-266C-41CD-B09E-BF67A6706557}.Ad-Hoc|Any CPU.Deploy.0 = Release|Any CPU
		{E6D7262F-266C-41CD-B09E-BF67A6706557}.Ad-Hoc|ARM.ActiveCfg = Release|Any CPU
		{E6D7262F-266C-41CD-B09E-BF67A6706557}.Ad-Hoc|ARM.Build.0 = Release|Any CPU
		{E6D7262F-266C-41CD-B09E-BF67A6706557}.Ad-Hoc|ARM.Deploy.0 = Release|Any CPU
		{E6D7262F-266C-41CD-B09E-BF67A6706557}.Ad-Hoc|iPhone.ActiveCfg = Release|Any CPU
		{E6D7262F-266C-41CD-B09E-BF67A6706557}.Ad-Hoc|iPhone.Build.0 = Release|Any CPU
		{E6D7262F-266C-41CD-B09E-BF67A6706557}.Ad-Hoc|iPhone.Deploy.0 = Release|Any CPU
		{E6D7262F-266C-41CD-B09E-BF67A6706557}.Ad-Hoc|iPhoneSimulator.ActiveCfg = Release|Any CPU
		{E6D7262F-266C-41CD-B09E-BF67A6706557}.Ad-Hoc|iPhoneSimulator.Build.0 = Release|Any CPU
		{E6D7262F-266C-41CD-B09E-BF67A6706557}.Ad-Hoc|iPhoneSimulator.Deploy.0 = Release|Any CPU
		{E6D7262F-266C-41CD-B09E-BF67A6706557}.Ad-Hoc|x64.ActiveCfg = Release|Any CPU
		{E6D7262F-266C-41CD-B09E-BF67A6706557}.Ad-Hoc|x64.Build.0 = Release|Any CPU
		{E6D7262F-266C-41CD-B09E-BF67A6706557}.Ad-Hoc|x64.Deploy.0 = Release|Any CPU
		{E6D7262F-266C-41CD-B09E-BF67A6706557}.Ad-Hoc|x86.ActiveCfg = Release|Any CPU
		{E6D7262F-266C-41CD-B09E-BF67A6706557}.Ad-Hoc|x86.Build.0 = Release|Any CPU
		{E6D7262F-266C-41CD-B09E-BF67A6706557}.Ad-Hoc|x86.Deploy.0 = Release|Any CPU
		{E6D7262F-266C-41CD-B09E-BF67A6706557}.AppStore|Any CPU.ActiveCfg = Release|Any CPU
		{E6D7262F-266C-41CD-B09E-BF67A6706557}.AppStore|Any CPU.Build.0 = Release|Any CPU
		{E6D7262F-266C-41CD-B09E-BF67A6706557}.AppStore|Any CPU.Deploy.0 = Release|Any CPU
		{E6D7262F-266C-41CD-B09E-BF67A6706557}.AppStore|ARM.ActiveCfg = Release|Any CPU
		{E6D7262F-266C-41CD-B09E-BF67A6706557}.AppStore|ARM.Build.0 = Release|Any CPU
		{E6D7262F-266C-41CD-B09E-BF67A6706557}.AppStore|ARM.Deploy.0 = Release|Any CPU
		{E6D7262F-266C-41CD-B09E-BF67A6706557}.AppStore|iPhone.ActiveCfg = Release|Any CPU
		{E6D7262F-266C-41CD-B09E-BF67A6706557}.AppStore|iPhone.Build.0 = Release|Any CPU
		{E6D7262F-266C-41CD-B09E-BF67A6706557}.AppStore|iPhone.Deploy.0 = Release|Any CPU
		{E6D7262F-266C-41CD-B09E-BF67A6706557}.AppStore|iPhoneSimulator.ActiveCfg = Release|Any CPU
		{E6D7262F-266C-41CD-B09E-BF67A6706557}.AppStore|iPhoneSimulator.Build.0 = Release|Any CPU
		{E6D7262F-266C-41CD-B09E-BF67A6706557}.AppStore|iPhoneSimulator.Deploy.0 = Release|Any CPU
		{E6D7262F-266C-41CD-B09E-BF67A6706557}.AppStore|x64.ActiveCfg = Release|Any CPU
		{E6D7262F-266C-41CD-B09E-BF67A6706557}.AppStore|x64.Build.0 = Release|Any CPU
		{E6D7262F-266C-41CD-B09E-BF67A6706557}.AppStore|x64.Deploy.0 = Release|Any CPU
		{E6D7262F-266C-41CD-B09E-BF67A6706557}.AppStore|x86.ActiveCfg = Release|Any CPU
		{E6D7262F-266C-41CD-B09E-BF67A6706557}.AppStore|x86.Build.0 = Release|Any CPU
		{E6D7262F-266C-41CD-B09E-BF67A6706557}.AppStore|x86.Deploy.0 = Release|Any CPU
		{E6D7262F-266C-41CD-B09E-BF67A6706557}.Debug|Any CPU.ActiveCfg = Debug|Any CPU
		{E6D7262F-266C-41CD-B09E-BF67A6706557}.Debug|Any CPU.Build.0 = Debug|Any CPU
		{E6D7262F-266C-41CD-B09E-BF67A6706557}.Debug|Any CPU.Deploy.0 = Debug|Any CPU
		{E6D7262F-266C-41CD-B09E-BF67A6706557}.Debug|ARM.ActiveCfg = Debug|Any CPU
		{E6D7262F-266C-41CD-B09E-BF67A6706557}.Debug|ARM.Build.0 = Debug|Any CPU
		{E6D7262F-266C-41CD-B09E-BF67A6706557}.Debug|ARM.Deploy.0 = Debug|Any CPU
		{E6D7262F-266C-41CD-B09E-BF67A6706557}.Debug|iPhone.ActiveCfg = Debug|Any CPU
		{E6D7262F-266C-41CD-B09E-BF67A6706557}.Debug|iPhone.Build.0 = Debug|Any CPU
		{E6D7262F-266C-41CD-B09E-BF67A6706557}.Debug|iPhone.Deploy.0 = Debug|Any CPU
		{E6D7262F-266C-41CD-B09E-BF67A6706557}.Debug|iPhoneSimulator.ActiveCfg = Debug|Any CPU
		{E6D7262F-266C-41CD-B09E-BF67A6706557}.Debug|iPhoneSimulator.Build.0 = Debug|Any CPU
		{E6D7262F-266C-41CD-B09E-BF67A6706557}.Debug|iPhoneSimulator.Deploy.0 = Debug|Any CPU
		{E6D7262F-266C-41CD-B09E-BF67A6706557}.Debug|x64.ActiveCfg = Debug|Any CPU
		{E6D7262F-266C-41CD-B09E-BF67A6706557}.Debug|x64.Build.0 = Debug|Any CPU
		{E6D7262F-266C-41CD-B09E-BF67A6706557}.Debug|x64.Deploy.0 = Debug|Any CPU
		{E6D7262F-266C-41CD-B09E-BF67A6706557}.Debug|x86.ActiveCfg = Debug|Any CPU
		{E6D7262F-266C-41CD-B09E-BF67A6706557}.Debug|x86.Build.0 = Debug|Any CPU
		{E6D7262F-266C-41CD-B09E-BF67A6706557}.Debug|x86.Deploy.0 = Debug|Any CPU
		{E6D7262F-266C-41CD-B09E-BF67A6706557}.Release|Any CPU.ActiveCfg = Release|Any CPU
		{E6D7262F-266C-41CD-B09E-BF67A6706557}.Release|Any CPU.Build.0 = Release|Any CPU
		{E6D7262F-266C-41CD-B09E-BF67A6706557}.Release|Any CPU.Deploy.0 = Release|Any CPU
		{E6D7262F-266C-41CD-B09E-BF67A6706557}.Release|ARM.ActiveCfg = Release|Any CPU
		{E6D7262F-266C-41CD-B09E-BF67A6706557}.Release|ARM.Build.0 = Release|Any CPU
		{E6D7262F-266C-41CD-B09E-BF67A6706557}.Release|ARM.Deploy.0 = Release|Any CPU
		{E6D7262F-266C-41CD-B09E-BF67A6706557}.Release|iPhone.ActiveCfg = Release|Any CPU
		{E6D7262F-266C-41CD-B09E-BF67A6706557}.Release|iPhone.Build.0 = Release|Any CPU
		{E6D7262F-266C-41CD-B09E-BF67A6706557}.Release|iPhone.Deploy.0 = Release|Any CPU
		{E6D7262F-266C-41CD-B09E-BF67A6706557}.Release|iPhoneSimulator.ActiveCfg = Release|Any CPU
		{E6D7262F-266C-41CD-B09E-BF67A6706557}.Release|iPhoneSimulator.Build.0 = Release|Any CPU
		{E6D7262F-266C-41CD-B09E-BF67A6706557}.Release|iPhoneSimulator.Deploy.0 = Release|Any CPU
		{E6D7262F-266C-41CD-B09E-BF67A6706557}.Release|x64.ActiveCfg = Release|Any CPU
		{E6D7262F-266C-41CD-B09E-BF67A6706557}.Release|x64.Build.0 = Release|Any CPU
		{E6D7262F-266C-41CD-B09E-BF67A6706557}.Release|x64.Deploy.0 = Release|Any CPU
		{E6D7262F-266C-41CD-B09E-BF67A6706557}.Release|x86.ActiveCfg = Release|Any CPU
		{E6D7262F-266C-41CD-B09E-BF67A6706557}.Release|x86.Build.0 = Release|Any CPU
		{E6D7262F-266C-41CD-B09E-BF67A6706557}.Release|x86.Deploy.0 = Release|Any CPU
	EndGlobalSection
	GlobalSection(SolutionProperties) = preSolution
		HideSolutionNode = FALSE
	EndGlobalSection
	GlobalSection(ExtensibilityGlobals) = postSolution
		SolutionGuid = {3D69D1A0-24A1-4725-8950-5C9C5E881FBC}
	EndGlobalSection
EndGlobal
